// !$*UTF8*$!
{
	archiveVersion = 1;
	classes = {
	};
	objectVersion = 50;
	objects = {

/* Begin PBXBuildFile section */
		8481F9FD2500AA9A00AB6EFB /* AppDelegate.swift in Sources */ = {isa = PBXBuildFile; fileRef = 8481F9FC2500AA9A00AB6EFB /* AppDelegate.swift */; };
		8481F9FF2500AA9A00AB6EFB /* SceneDelegate.swift in Sources */ = {isa = PBXBuildFile; fileRef = 8481F9FE2500AA9A00AB6EFB /* SceneDelegate.swift */; };
		8481FA012500AA9A00AB6EFB /* ViewController.swift in Sources */ = {isa = PBXBuildFile; fileRef = 8481FA002500AA9A00AB6EFB /* ViewController.swift */; };
		8481FA042500AA9A00AB6EFB /* Main.storyboard in Resources */ = {isa = PBXBuildFile; fileRef = 8481FA022500AA9A00AB6EFB /* Main.storyboard */; };
		8481FA062500AA9B00AB6EFB /* Assets.xcassets in Resources */ = {isa = PBXBuildFile; fileRef = 8481FA052500AA9B00AB6EFB /* Assets.xcassets */; };
		8481FA092500AA9B00AB6EFB /* LaunchScreen.storyboard in Resources */ = {isa = PBXBuildFile; fileRef = 8481FA072500AA9B00AB6EFB /* LaunchScreen.storyboard */; };
/* End PBXBuildFile section */

/* Begin PBXFileReference section */
		8481F9F92500AA9A00AB6EFB /* ArabianTyres.app */ = {isa = PBXFileReference; explicitFileType = wrapper.application; includeInIndex = 0; path = ArabianTyres.app; sourceTree = BUILT_PRODUCTS_DIR; };
		8481F9FC2500AA9A00AB6EFB /* AppDelegate.swift */ = {isa = PBXFileReference; lastKnownFileType = sourcecode.swift; path = AppDelegate.swift; sourceTree = "<group>"; };
		8481F9FE2500AA9A00AB6EFB /* SceneDelegate.swift */ = {isa = PBXFileReference; lastKnownFileType = sourcecode.swift; path = SceneDelegate.swift; sourceTree = "<group>"; };
		8481FA002500AA9A00AB6EFB /* ViewController.swift */ = {isa = PBXFileReference; lastKnownFileType = sourcecode.swift; path = ViewController.swift; sourceTree = "<group>"; };
		8481FA032500AA9A00AB6EFB /* Base */ = {isa = PBXFileReference; lastKnownFileType = file.storyboard; name = Base; path = Base.lproj/Main.storyboard; sourceTree = "<group>"; };
		8481FA052500AA9B00AB6EFB /* Assets.xcassets */ = {isa = PBXFileReference; lastKnownFileType = folder.assetcatalog; path = Assets.xcassets; sourceTree = "<group>"; };
		8481FA082500AA9B00AB6EFB /* Base */ = {isa = PBXFileReference; lastKnownFileType = file.storyboard; name = Base; path = Base.lproj/LaunchScreen.storyboard; sourceTree = "<group>"; };
		8481FA0A2500AA9B00AB6EFB /* Info.plist */ = {isa = PBXFileReference; lastKnownFileType = text.plist.xml; path = Info.plist; sourceTree = "<group>"; };
/* End PBXFileReference section */

/* Begin PBXFrameworksBuildPhase section */
		8481F9F62500AA9A00AB6EFB /* Frameworks */ = {
			isa = PBXFrameworksBuildPhase;
			buildActionMask = 2147483647;
			files = (
			);
			runOnlyForDeploymentPostprocessing = 0;
		};
/* End PBXFrameworksBuildPhase section */

/* Begin PBXGroup section */
		8481F9F02500AA9A00AB6EFB = {
			isa = PBXGroup;
			children = (
				8481F9FB2500AA9A00AB6EFB /* ArabianTyres */,
				8481F9FA2500AA9A00AB6EFB /* Products */,
			);
			sourceTree = "<group>";
		};
		8481F9FA2500AA9A00AB6EFB /* Products */ = {
			isa = PBXGroup;
			children = (
				8481F9F92500AA9A00AB6EFB /* ArabianTyres.app */,
			);
			name = Products;
			sourceTree = "<group>";
		};
		8481F9FB2500AA9A00AB6EFB /* ArabianTyres */ = {
			isa = PBXGroup;
			children = (
				8481F9FC2500AA9A00AB6EFB /* AppDelegate.swift */,
				8481F9FE2500AA9A00AB6EFB /* SceneDelegate.swift */,
				8481FA002500AA9A00AB6EFB /* ViewController.swift */,
				8481FA022500AA9A00AB6EFB /* Main.storyboard */,
				8481FA052500AA9B00AB6EFB /* Assets.xcassets */,
				8481FA072500AA9B00AB6EFB /* LaunchScreen.storyboard */,
				8481FA0A2500AA9B00AB6EFB /* Info.plist */,
			);
			path = ArabianTyres;
			sourceTree = "<group>";
		};
/* End PBXGroup section */

/* Begin PBXNativeTarget section */
		8481F9F82500AA9A00AB6EFB /* ArabianTyres */ = {
			isa = PBXNativeTarget;
			buildConfigurationList = 8481FA0D2500AA9B00AB6EFB /* Build configuration list for PBXNativeTarget "ArabianTyres" */;
			buildPhases = (
				8481F9F52500AA9A00AB6EFB /* Sources */,
				8481F9F62500AA9A00AB6EFB /* Frameworks */,
				8481F9F72500AA9A00AB6EFB /* Resources */,
			);
			buildRules = (
			);
			dependencies = (
			);
			name = ArabianTyres;
			productName = ArabianTyres;
			productReference = 8481F9F92500AA9A00AB6EFB /* ArabianTyres.app */;
			productType = "com.apple.product-type.application";
		};
/* End PBXNativeTarget section */

/* Begin PBXProject section */
		8481F9F12500AA9A00AB6EFB /* Project object */ = {
			isa = PBXProject;
			attributes = {
				LastSwiftUpdateCheck = 1130;
				LastUpgradeCheck = 1130;
				ORGANIZATIONNAME = Admin;
				TargetAttributes = {
					8481F9F82500AA9A00AB6EFB = {
						CreatedOnToolsVersion = 11.3;
					};
				};
			};
			buildConfigurationList = 8481F9F42500AA9A00AB6EFB /* Build configuration list for PBXProject "ArabianTyres" */;
			compatibilityVersion = "Xcode 9.3";
			developmentRegion = en;
			hasScannedForEncodings = 0;
			knownRegions = (
				en,
				Base,
			);
			mainGroup = 8481F9F02500AA9A00AB6EFB;
			productRefGroup = 8481F9FA2500AA9A00AB6EFB /* Products */;
			projectDirPath = "";
			projectRoot = "";
			targets = (
				8481F9F82500AA9A00AB6EFB /* ArabianTyres */,
			);
		};
/* End PBXProject section */

/* Begin PBXResourcesBuildPhase section */
		8481F9F72500AA9A00AB6EFB /* Resources */ = {
			isa = PBXResourcesBuildPhase;
			buildActionMask = 2147483647;
			files = (
				8481FA092500AA9B00AB6EFB /* LaunchScreen.storyboard in Resources */,
				8481FA062500AA9B00AB6EFB /* Assets.xcassets in Resources */,
				8481FA042500AA9A00AB6EFB /* Main.storyboard in Resources */,
			);
			runOnlyForDeploymentPostprocessing = 0;
		};
/* End PBXResourcesBuildPhase section */

/* Begin PBXSourcesBuildPhase section */
		8481F9F52500AA9A00AB6EFB /* Sources */ = {
			isa = PBXSourcesBuildPhase;
			buildActionMask = 2147483647;
			files = (
				8481FA012500AA9A00AB6EFB /* ViewController.swift in Sources */,
				8481F9FD2500AA9A00AB6EFB /* AppDelegate.swift in Sources */,
				8481F9FF2500AA9A00AB6EFB /* SceneDelegate.swift in Sources */,
			);
			runOnlyForDeploymentPostprocessing = 0;
		};
/* End PBXSourcesBuildPhase section */

/* Begin PBXVariantGroup section */
		8481FA022500AA9A00AB6EFB /* Main.storyboard */ = {
			isa = PBXVariantGroup;
			children = (
				8481FA032500AA9A00AB6EFB /* Base */,
			);
			name = Main.storyboard;
			sourceTree = "<group>";
		};
		8481FA072500AA9B00AB6EFB /* LaunchScreen.storyboard */ = {
			isa = PBXVariantGroup;
			children = (
				8481FA082500AA9B00AB6EFB /* Base */,
			);
			name = LaunchScreen.storyboard;
			sourceTree = "<group>";
		};
/* End PBXVariantGroup section */

/* Begin XCBuildConfiguration section */
		8481FA0B2500AA9B00AB6EFB /* Debug */ = {
			isa = XCBuildConfiguration;
			buildSettings = {
				ALWAYS_SEARCH_USER_PATHS = NO;
				CLANG_ANALYZER_NONNULL = YES;
				CLANG_ANALYZER_NUMBER_OBJECT_CONVERSION = YES_AGGRESSIVE;
				CLANG_CXX_LANGUAGE_STANDARD = "gnu++14";
				CLANG_CXX_LIBRARY = "libc++";
				CLANG_ENABLE_MODULES = YES;
				CLANG_ENABLE_OBJC_ARC = YES;
				CLANG_ENABLE_OBJC_WEAK = YES;
				CLANG_WARN_BLOCK_CAPTURE_AUTORELEASING = YES;
				CLANG_WARN_BOOL_CONVERSION = YES;
				CLANG_WARN_COMMA = YES;
				CLANG_WARN_CONSTANT_CONVERSION = YES;
				CLANG_WARN_DEPRECATED_OBJC_IMPLEMENTATIONS = YES;
				CLANG_WARN_DIRECT_OBJC_ISA_USAGE = YES_ERROR;
				CLANG_WARN_DOCUMENTATION_COMMENTS = YES;
				CLANG_WARN_EMPTY_BODY = YES;
				CLANG_WARN_ENUM_CONVERSION = YES;
				CLANG_WARN_INFINITE_RECURSION = YES;
				CLANG_WARN_INT_CONVERSION = YES;
				CLANG_WARN_NON_LITERAL_NULL_CONVERSION = YES;
				CLANG_WARN_OBJC_IMPLICIT_RETAIN_SELF = YES;
				CLANG_WARN_OBJC_LITERAL_CONVERSION = YES;
				CLANG_WARN_OBJC_ROOT_CLASS = YES_ERROR;
				CLANG_WARN_RANGE_LOOP_ANALYSIS = YES;
				CLANG_WARN_STRICT_PROTOTYPES = YES;
				CLANG_WARN_SUSPICIOUS_MOVE = YES;
				CLANG_WARN_UNGUARDED_AVAILABILITY = YES_AGGRESSIVE;
				CLANG_WARN_UNREACHABLE_CODE = YES;
				CLANG_WARN__DUPLICATE_METHOD_MATCH = YES;
				COPY_PHASE_STRIP = NO;
				DEBUG_INFORMATION_FORMAT = dwarf;
				ENABLE_STRICT_OBJC_MSGSEND = YES;
				ENABLE_TESTABILITY = YES;
				GCC_C_LANGUAGE_STANDARD = gnu11;
				GCC_DYNAMIC_NO_PIC = NO;
				GCC_NO_COMMON_BLOCKS = YES;
				GCC_OPTIMIZATION_LEVEL = 0;
				GCC_PREPROCESSOR_DEFINITIONS = (
					"DEBUG=1",
					"$(inherited)",
				);
				GCC_WARN_64_TO_32_BIT_CONVERSION = YES;
				GCC_WARN_ABOUT_RETURN_TYPE = YES_ERROR;
				GCC_WARN_UNDECLARED_SELECTOR = YES;
				GCC_WARN_UNINITIALIZED_AUTOS = YES_AGGRESSIVE;
				GCC_WARN_UNUSED_FUNCTION = YES;
				GCC_WARN_UNUSED_VARIABLE = YES;
				IPHONEOS_DEPLOYMENT_TARGET = 13.2;
				MTL_ENABLE_DEBUG_INFO = INCLUDE_SOURCE;
				MTL_FAST_MATH = YES;
				ONLY_ACTIVE_ARCH = YES;
				SDKROOT = iphoneos;
				SWIFT_ACTIVE_COMPILATION_CONDITIONS = DEBUG;
				SWIFT_OPTIMIZATION_LEVEL = "-Onone";
			};
			name = Debug;
		};
		8481FA0C2500AA9B00AB6EFB /* Release */ = {
			isa = XCBuildConfiguration;
			buildSettings = {
				ALWAYS_SEARCH_USER_PATHS = NO;
				CLANG_ANALYZER_NONNULL = YES;
				CLANG_ANALYZER_NUMBER_OBJECT_CONVERSION = YES_AGGRESSIVE;
				CLANG_CXX_LANGUAGE_STANDARD = "gnu++14";
				CLANG_CXX_LIBRARY = "libc++";
				CLANG_ENABLE_MODULES = YES;
				CLANG_ENABLE_OBJC_ARC = YES;
				CLANG_ENABLE_OBJC_WEAK = YES;
				CLANG_WARN_BLOCK_CAPTURE_AUTORELEASING = YES;
				CLANG_WARN_BOOL_CONVERSION = YES;
				CLANG_WARN_COMMA = YES;
				CLANG_WARN_CONSTANT_CONVERSION = YES;
				CLANG_WARN_DEPRECATED_OBJC_IMPLEMENTATIONS = YES;
				CLANG_WARN_DIRECT_OBJC_ISA_USAGE = YES_ERROR;
				CLANG_WARN_DOCUMENTATION_COMMENTS = YES;
				CLANG_WARN_EMPTY_BODY = YES;
				CLANG_WARN_ENUM_CONVERSION = YES;
				CLANG_WARN_INFINITE_RECURSION = YES;
				CLANG_WARN_INT_CONVERSION = YES;
				CLANG_WARN_NON_LITERAL_NULL_CONVERSION = YES;
				CLANG_WARN_OBJC_IMPLICIT_RETAIN_SELF = YES;
				CLANG_WARN_OBJC_LITERAL_CONVERSION = YES;
				CLANG_WARN_OBJC_ROOT_CLASS = YES_ERROR;
				CLANG_WARN_RANGE_LOOP_ANALYSIS = YES;
				CLANG_WARN_STRICT_PROTOTYPES = YES;
				CLANG_WARN_SUSPICIOUS_MOVE = YES;
				CLANG_WARN_UNGUARDED_AVAILABILITY = YES_AGGRESSIVE;
				CLANG_WARN_UNREACHABLE_CODE = YES;
				CLANG_WARN__DUPLICATE_METHOD_MATCH = YES;
				COPY_PHASE_STRIP = NO;
				DEBUG_INFORMATION_FORMAT = "dwarf-with-dsym";
				ENABLE_NS_ASSERTIONS = NO;
				ENABLE_STRICT_OBJC_MSGSEND = YES;
				GCC_C_LANGUAGE_STANDARD = gnu11;
				GCC_NO_COMMON_BLOCKS = YES;
				GCC_WARN_64_TO_32_BIT_CONVERSION = YES;
				GCC_WARN_ABOUT_RETURN_TYPE = YES_ERROR;
				GCC_WARN_UNDECLARED_SELECTOR = YES;
				GCC_WARN_UNINITIALIZED_AUTOS = YES_AGGRESSIVE;
				GCC_WARN_UNUSED_FUNCTION = YES;
				GCC_WARN_UNUSED_VARIABLE = YES;
				IPHONEOS_DEPLOYMENT_TARGET = 13.2;
				MTL_ENABLE_DEBUG_INFO = NO;
				MTL_FAST_MATH = YES;
				SDKROOT = iphoneos;
				SWIFT_COMPILATION_MODE = wholemodule;
				SWIFT_OPTIMIZATION_LEVEL = "-O";
				VALIDATE_PRODUCT = YES;
			};
			name = Release;
		};
		8481FA0E2500AA9B00AB6EFB /* Debug */ = {
			isa = XCBuildConfiguration;
			buildSettings = {
				ASSETCATALOG_COMPILER_APPICON_NAME = AppIcon;
				CODE_SIGN_STYLE = Automatic;
				INFOPLIST_FILE = ArabianTyres/Info.plist;
				LD_RUNPATH_SEARCH_PATHS = (
					"$(inherited)",
					"@executable_path/Frameworks",
				);
				PRODUCT_BUNDLE_IDENTIFIER = appinventiv.com.ArabianTyres;
				PRODUCT_NAME = "$(TARGET_NAME)";
				SWIFT_VERSION = 5.0;
				TARGETED_DEVICE_FAMILY = "1,2";
			};
			name = Debug;
		};
		8481FA0F2500AA9B00AB6EFB /* Release */ = {
			isa = XCBuildConfiguration;
			buildSettings = {
				ASSETCATALOG_COMPILER_APPICON_NAME = AppIcon;
				CODE_SIGN_STYLE = Automatic;
				INFOPLIST_FILE = ArabianTyres/Info.plist;
				LD_RUNPATH_SEARCH_PATHS = (
					"$(inherited)",
					"@executable_path/Frameworks",
				);
				PRODUCT_BUNDLE_IDENTIFIER = appinventiv.com.ArabianTyres;
				PRODUCT_NAME = "$(TARGET_NAME)";
				SWIFT_VERSION = 5.0;
				TARGETED_DEVICE_FAMILY = "1,2";
			};
			name = Release;
		};
/* End XCBuildConfiguration section */

/* Begin XCConfigurationList section */
		8481F9F42500AA9A00AB6EFB /* Build configuration list for PBXProject "ArabianTyres" */ = {
			isa = XCConfigurationList;
			buildConfigurations = (
				8481FA0B2500AA9B00AB6EFB /* Debug */,
				8481FA0C2500AA9B00AB6EFB /* Release */,
			);
			defaultConfigurationIsVisible = 0;
			defaultConfigurationName = Release;
		};
		8481FA0D2500AA9B00AB6EFB /* Build configuration list for PBXNativeTarget "ArabianTyres" */ = {
			isa = XCConfigurationList;
			buildConfigurations = (
				8481FA0E2500AA9B00AB6EFB /* Debug */,
				8481FA0F2500AA9B00AB6EFB /* Release */,
			);
			defaultConfigurationIsVisible = 0;
			defaultConfigurationName = Release;
		};
/* End XCConfigurationList section */
	};
	rootObject = 8481F9F12500AA9A00AB6EFB /* Project object */;
}
